
Microsoft Visual Studio Solution File, Format Version 12.00
# Visual Studio Version 17
VisualStudioVersion = 17.0.31903.59
MinimumVisualStudioVersion = 10.0.40219.1
Project("{2150E333-8FDC-42A3-9474-1A3956D46DE8}") = "src", "src", "{9DB78439-E269-438F-97C0-78B078BDF1E0}"
EndProject
Project("{2150E333-8FDC-42A3-9474-1A3956D46DE8}") = "Shared", "Shared", "{8447CCFD-9BAA-4919-810B-F16764E71149}"
EndProject
Project("{FAE04EC0-301F-11D3-BF4B-00C04F79EFBC}") = "LamisaMart.Shared.Domain", "src\Shared\LamisaMart.Shared.Domain\LamisaMart.Shared.Domain.csproj", "{E7691CBF-B9C5-4907-AC59-D84FAF86F6A4}"
EndProject
Project("{FAE04EC0-301F-11D3-BF4B-00C04F79EFBC}") = "LamisaMart.Shared.Infrastructure", "src\Shared\LamisaMart.Shared.Infrastructure\LamisaMart.Shared.Infrastructure.csproj", "{62595AF3-8284-4ACF-85F1-0C8CE750A500}"
EndProject
Project("{2150E333-8FDC-42A3-9474-1A3956D46DE8}") = "Web", "Web", "{8AAD716C-67E4-4B24-879B-995C1367B25B}"
EndProject
Project("{FAE04EC0-301F-11D3-BF4B-00C04F79EFBC}") = "LamisaMart.Web", "src\Web\LamisaMart.Web\LamisaMart.Web.csproj", "{0E2B60BC-5F9E-446E-99D8-5CCC685A26DF}"
EndProject
Project("{2150E333-8FDC-42A3-9474-1A3956D46DE8}") = "Modules", "Modules", "{5F7FB60D-3ECE-4AC3-AD7E-30C881990E94}"
EndProject
Project("{2150E333-8FDC-42A3-9474-1A3956D46DE8}") = "Accounting", "Accounting", "{794CF124-BC66-437C-870D-946F1D82EB79}"
EndProject
Project("{FAE04EC0-301F-11D3-BF4B-00C04F79EFBC}") = "LamisaMart.Accounting.Domain", "src\Modules\Accounting\LamisaMart.Accounting.Domain\LamisaMart.Accounting.Domain.csproj", "{62216686-1630-4195-B5FA-B661B93AD108}"
EndProject
Project("{FAE04EC0-301F-11D3-BF4B-00C04F79EFBC}") = "LamisaMart.Accounting.Infrastructure", "src\Modules\Accounting\LamisaMart.Accounting.Infrastructure\LamisaMart.Accounting.Infrastructure.csproj", "{6E71D671-C777-4CD2-875A-E1A749951D79}"
EndProject
Project("{FAE04EC0-301F-11D3-BF4B-00C04F79EFBC}") = "LamisaMart.Accounting.Application", "src\Modules\Accounting\LamisaMart.Accounting.Application\LamisaMart.Accounting.Application.csproj", "{5959D408-98AE-47D5-91FF-5CEEF9E93547}"
EndProject
Project("{2150E333-8FDC-42A3-9474-1A3956D46DE8}") = "Payments", "Payments", "{7D163403-4484-4315-BC0C-DB02EA3DC7C0}"
EndProject
Project("{FAE04EC0-301F-11D3-BF4B-00C04F79EFBC}") = "LamisaMart.Payments.Infrastructure", "src\Modules\Payments\LamisaMart.Payments.Infrastructure\LamisaMart.Payments.Infrastructure.csproj", "{C210F11B-4C0D-4282-A3EE-C52CF7DF2EC0}"
EndProject
Project("{FAE04EC0-301F-11D3-BF4B-00C04F79EFBC}") = "LamisaMart.Payments.Application", "src\Modules\Payments\LamisaMart.Payments.Application\LamisaMart.Payments.Application.csproj", "{6FA8959A-9F87-42C6-82AD-BFC499CA108E}"
EndProject
Project("{FAE04EC0-301F-11D3-BF4B-00C04F79EFBC}") = "LamisaMart.Payments.Domain", "src\Modules\Payments\LamisaMart.Payments.Domain\LamisaMart.Payments.Domain.csproj", "{D7A74200-5702-4F33-BC2D-1FC6A14BAEAD}"
EndProject
Project("{2150E333-8FDC-42A3-9474-1A3956D46DE8}") = "Ordering", "Ordering", "{F63FEF4A-1497-4BB0-9304-27347EDCCFD2}"
EndProject
Project("{FAE04EC0-301F-11D3-BF4B-00C04F79EFBC}") = "LamisaMart.Ordering.Domain", "src\Modules\Ordering\LamisaMart.Ordering.Domain\LamisaMart.Ordering.Domain.csproj", "{4D921C99-567D-49AB-818A-252C29A5B061}"
EndProject
Project("{FAE04EC0-301F-11D3-BF4B-00C04F79EFBC}") = "LamisaMart.Ordering.Infrastructure", "src\Modules\Ordering\LamisaMart.Ordering.Infrastructure\LamisaMart.Ordering.Infrastructure.csproj", "{08B3D6DB-F3DD-43D7-B1FD-9C773E6B72A6}"
EndProject
Project("{FAE04EC0-301F-11D3-BF4B-00C04F79EFBC}") = "LamisaMart.Ordering.Application", "src\Modules\Ordering\LamisaMart.Ordering.Application\LamisaMart.Ordering.Application.csproj", "{5ED3240E-C323-4645-A283-090D8B83B24D}"
EndProject
Project("{2150E333-8FDC-42A3-9474-1A3956D46DE8}") = "PageBuilder", "PageBuilder", "{E4BEC6EA-44FD-4748-93E9-55C92DA1EFCC}"
EndProject
Project("{FAE04EC0-301F-11D3-BF4B-00C04F79EFBC}") = "LamisaMart.PageBuilder.Application", "src\Modules\PageBuilder\LamisaMart.PageBuilder.Application\LamisaMart.PageBuilder.Application.csproj", "{798FFE44-35ED-4287-B246-A2A241747629}"
EndProject
Project("{FAE04EC0-301F-11D3-BF4B-00C04F79EFBC}") = "LamisaMart.PageBuilder.Domain", "src\Modules\PageBuilder\LamisaMart.PageBuilder.Domain\LamisaMart.PageBuilder.Domain.csproj", "{CD328310-57C6-4D5D-A178-55DFEC89388A}"
EndProject
Project("{FAE04EC0-301F-11D3-BF4B-00C04F79EFBC}") = "LamisaMart.PageBuilder.Infrastructure", "src\Modules\PageBuilder\LamisaMart.PageBuilder.Infrastructure\LamisaMart.PageBuilder.Infrastructure.csproj", "{21607B1F-556E-4A2E-8009-B3AB173162D4}"
EndProject
Project("{2150E333-8FDC-42A3-9474-1A3956D46DE8}") = "Identity", "Identity", "{B38CB520-2BA0-4674-B48E-E34995B4B055}"
EndProject
Project("{FAE04EC0-301F-11D3-BF4B-00C04F79EFBC}") = "LamisaMart.Identity.Infrastructure", "src\Modules\Identity\LamisaMart.Identity.Infrastructure\LamisaMart.Identity.Infrastructure.csproj", "{5B9AD067-B163-4182-8812-22C0BC21176E}"
EndProject
Project("{FAE04EC0-301F-11D3-BF4B-00C04F79EFBC}") = "LamisaMart.Identity.Application", "src\Modules\Identity\LamisaMart.Identity.Application\LamisaMart.Identity.Application.csproj", "{EAF52AB1-66C6-4AF4-BEEC-A787CE9D03AF}"
EndProject
Project("{FAE04EC0-301F-11D3-BF4B-00C04F79EFBC}") = "LamisaMart.Identity.Domain", "src\Modules\Identity\LamisaMart.Identity.Domain\LamisaMart.Identity.Domain.csproj", "{8AB3D87C-5D78-476C-9740-A2165A2F56CD}"
EndProject
Project("{2150E333-8FDC-42A3-9474-1A3956D46DE8}") = "Catalog", "Catalog", "{36ADB293-5375-4E2D-9AD8-1C7125E7BF20}"
EndProject
Project("{FAE04EC0-301F-11D3-BF4B-00C04F79EFBC}") = "LamisaMart.Catalog.Infrastructure", "src\Modules\Catalog\LamisaMart.Catalog.Infrastructure\LamisaMart.Catalog.Infrastructure.csproj", "{AFCF83DB-3E4A-4F0A-9D59-239978C7180A}"
EndProject
Project("{FAE04EC0-301F-11D3-BF4B-00C04F79EFBC}") = "LamisaMart.Catalog.Application", "src\Modules\Catalog\LamisaMart.Catalog.Application\LamisaMart.Catalog.Application.csproj", "{AE2FDC22-830E-4F3B-BC7C-FAD7CF969287}"
EndProject
Project("{FAE04EC0-301F-11D3-BF4B-00C04F79EFBC}") = "LamisaMart.Catalog.Domain", "src\Modules\Catalog\LamisaMart.Catalog.Domain\LamisaMart.Catalog.Domain.csproj", "{10218BE2-8863-4378-BCC4-28E7BC79AAF4}"
EndProject
Project("{2150E333-8FDC-42A3-9474-1A3956D46DE8}") = "Vendors", "Vendors", "{F14202EF-88CA-4DCF-A8D5-7BE9DC51D12B}"
EndProject
Project("{FAE04EC0-301F-11D3-BF4B-00C04F79EFBC}") = "LamisaMart.Vendors.Application", "src\Modules\Vendors\LamisaMart.Vendors.Application\LamisaMart.Vendors.Application.csproj", "{4D8555D7-0754-4D71-ADDE-673ECC993A8C}"
EndProject
Project("{FAE04EC0-301F-11D3-BF4B-00C04F79EFBC}") = "LamisaMart.Vendors.Infrastructure", "src\Modules\Vendors\LamisaMart.Vendors.Infrastructure\LamisaMart.Vendors.Infrastructure.csproj", "{D4703EF1-1899-4488-A59B-9DB5F2326F91}"
EndProject
Project("{FAE04EC0-301F-11D3-BF4B-00C04F79EFBC}") = "LamisaMart.Vendors.Domain", "src\Modules\Vendors\LamisaMart.Vendors.Domain\LamisaMart.Vendors.Domain.csproj", "{E3A30144-51FA-430B-AE1C-3D0BC8EF3FF4}"
EndProject
Global
	GlobalSection(SolutionConfigurationPlatforms) = preSolution
		Debug|Any CPU = Debug|Any CPU
		Release|Any CPU = Release|Any CPU
	EndGlobalSection
	GlobalSection(SolutionProperties) = preSolution
		HideSolutionNode = FALSE
	EndGlobalSection
	GlobalSection(ProjectConfigurationPlatforms) = postSolution
		{E7691CBF-B9C5-4907-AC59-D84FAF86F6A4}.Debug|Any CPU.ActiveCfg = Debug|Any CPU
		{E7691CBF-B9C5-4907-AC59-D84FAF86F6A4}.Debug|Any CPU.Build.0 = Debug|Any CPU
		{E7691CBF-B9C5-4907-AC59-D84FAF86F6A4}.Release|Any CPU.ActiveCfg = Release|Any CPU
		{E7691CBF-B9C5-4907-AC59-D84FAF86F6A4}.Release|Any CPU.Build.0 = Release|Any CPU
		{62595AF3-8284-4ACF-85F1-0C8CE750A500}.Debug|Any CPU.ActiveCfg = Debug|Any CPU
		{62595AF3-8284-4ACF-85F1-0C8CE750A500}.Debug|Any CPU.Build.0 = Debug|Any CPU
		{62595AF3-8284-4ACF-85F1-0C8CE750A500}.Release|Any CPU.ActiveCfg = Release|Any CPU
		{62595AF3-8284-4ACF-85F1-0C8CE750A500}.Release|Any CPU.Build.0 = Release|Any CPU
		{0E2B60BC-5F9E-446E-99D8-5CCC685A26DF}.Debug|Any CPU.ActiveCfg = Debug|Any CPU
		{0E2B60BC-5F9E-446E-99D8-5CCC685A26DF}.Debug|Any CPU.Build.0 = Debug|Any CPU
		{0E2B60BC-5F9E-446E-99D8-5CCC685A26DF}.Release|Any CPU.ActiveCfg = Release|Any CPU
		{0E2B60BC-5F9E-446E-99D8-5CCC685A26DF}.Release|Any CPU.Build.0 = Release|Any CPU
		{62216686-1630-4195-B5FA-B661B93AD108}.Debug|Any CPU.ActiveCfg = Debug|Any CPU
		{62216686-1630-4195-B5FA-B661B93AD108}.Debug|Any CPU.Build.0 = Debug|Any CPU
		{62216686-1630-4195-B5FA-B661B93AD108}.Release|Any CPU.ActiveCfg = Release|Any CPU
		{62216686-1630-4195-B5FA-B661B93AD108}.Release|Any CPU.Build.0 = Release|Any CPU
		{6E71D671-C777-4CD2-875A-E1A749951D79}.Debug|Any CPU.ActiveCfg = Debug|Any CPU
		{6E71D671-C777-4CD2-875A-E1A749951D79}.Debug|Any CPU.Build.0 = Debug|Any CPU
		{6E71D671-C777-4CD2-875A-E1A749951D79}.Release|Any CPU.ActiveCfg = Release|Any CPU
		{6E71D671-C777-4CD2-875A-E1A749951D79}.Release|Any CPU.Build.0 = Release|Any CPU
		{5959D408-98AE-47D5-91FF-5CEEF9E93547}.Debug|Any CPU.ActiveCfg = Debug|Any CPU
		{5959D408-98AE-47D5-91FF-5CEEF9E93547}.Debug|Any CPU.Build.0 = Debug|Any CPU
		{5959D408-98AE-47D5-91FF-5CEEF9E93547}.Release|Any CPU.ActiveCfg = Release|Any CPU
		{5959D408-98AE-47D5-91FF-5CEEF9E93547}.Release|Any CPU.Build.0 = Release|Any CPU
		{C210F11B-4C0D-4282-A3EE-C52CF7DF2EC0}.Debug|Any CPU.ActiveCfg = Debug|Any CPU
		{C210F11B-4C0D-4282-A3EE-C52CF7DF2EC0}.Debug|Any CPU.Build.0 = Debug|Any CPU
		{C210F11B-4C0D-4282-A3EE-C52CF7DF2EC0}.Release|Any CPU.ActiveCfg = Release|Any CPU
		{C210F11B-4C0D-4282-A3EE-C52CF7DF2EC0}.Release|Any CPU.Build.0 = Release|Any CPU
		{6FA8959A-9F87-42C6-82AD-BFC499CA108E}.Debug|Any CPU.ActiveCfg = Debug|Any CPU
		{6FA8959A-9F87-42C6-82AD-BFC499CA108E}.Debug|Any CPU.Build.0 = Debug|Any CPU
		{6FA8959A-9F87-42C6-82AD-BFC499CA108E}.Release|Any CPU.ActiveCfg = Release|Any CPU
		{6FA8959A-9F87-42C6-82AD-BFC499CA108E}.Release|Any CPU.Build.0 = Release|Any CPU
		{D7A74200-5702-4F33-BC2D-1FC6A14BAEAD}.Debug|Any CPU.ActiveCfg = Debug|Any CPU
		{D7A74200-5702-4F33-BC2D-1FC6A14BAEAD}.Debug|Any CPU.Build.0 = Debug|Any CPU
		{D7A74200-5702-4F33-BC2D-1FC6A14BAEAD}.Release|Any CPU.ActiveCfg = Release|Any CPU
		{D7A74200-5702-4F33-BC2D-1FC6A14BAEAD}.Release|Any CPU.Build.0 = Release|Any CPU
		{4D921C99-567D-49AB-818A-252C29A5B061}.Debug|Any CPU.ActiveCfg = Debug|Any CPU
		{4D921C99-567D-49AB-818A-252C29A5B061}.Debug|Any CPU.Build.0 = Debug|Any CPU
		{4D921C99-567D-49AB-818A-252C29A5B061}.Release|Any CPU.ActiveCfg = Release|Any CPU
		{4D921C99-567D-49AB-818A-252C29A5B061}.Release|Any CPU.Build.0 = Release|Any CPU
		{08B3D6DB-F3DD-43D7-B1FD-9C773E6B72A6}.Debug|Any CPU.ActiveCfg = Debug|Any CPU
		{08B3D6DB-F3DD-43D7-B1FD-9C773E6B72A6}.Debug|Any CPU.Build.0 = Debug|Any CPU
		{08B3D6DB-F3DD-43D7-B1FD-9C773E6B72A6}.Release|Any CPU.ActiveCfg = Release|Any CPU
		{08B3D6DB-F3DD-43D7-B1FD-9C773E6B72A6}.Release|Any CPU.Build.0 = Release|Any CPU
		{5ED3240E-C323-4645-A283-090D8B83B24D}.Debug|Any CPU.ActiveCfg = Debug|Any CPU
		{5ED3240E-C323-4645-A283-090D8B83B24D}.Debug|Any CPU.Build.0 = Debug|Any CPU
		{5ED3240E-C323-4645-A283-090D8B83B24D}.Release|Any CPU.ActiveCfg = Release|Any CPU
		{5ED3240E-C323-4645-A283-090D8B83B24D}.Release|Any CPU.Build.0 = Release|Any CPU
		{798FFE44-35ED-4287-B246-A2A241747629}.Debug|Any CPU.ActiveCfg = Debug|Any CPU
		{798FFE44-35ED-4287-B246-A2A241747629}.Debug|Any CPU.Build.0 = Debug|Any CPU
		{798FFE44-35ED-4287-B246-A2A241747629}.Release|Any CPU.ActiveCfg = Release|Any CPU
		{798FFE44-35ED-4287-B246-A2A241747629}.Release|Any CPU.Build.0 = Release|Any CPU
		{CD328310-57C6-4D5D-A178-55DFEC89388A}.Debug|Any CPU.ActiveCfg = Debug|Any CPU
		{CD328310-57C6-4D5D-A178-55DFEC89388A}.Debug|Any CPU.Build.0 = Debug|Any CPU
		{CD328310-57C6-4D5D-A178-55DFEC89388A}.Release|Any CPU.ActiveCfg = Release|Any CPU
		{CD328310-57C6-4D5D-A178-55DFEC89388A}.Release|Any CPU.Build.0 = Release|Any CPU
		{21607B1F-556E-4A2E-8009-B3AB173162D4}.Debug|Any CPU.ActiveCfg = Debug|Any CPU
		{21607B1F-556E-4A2E-8009-B3AB173162D4}.Debug|Any CPU.Build.0 = Debug|Any CPU
		{21607B1F-556E-4A2E-8009-B3AB173162D4}.Release|Any CPU.ActiveCfg = Release|Any CPU
		{21607B1F-556E-4A2E-8009-B3AB173162D4}.Release|Any CPU.Build.0 = Release|Any CPU
		{5B9AD067-B163-4182-8812-22C0BC21176E}.Debug|Any CPU.ActiveCfg = Debug|Any CPU
		{5B9AD067-B163-4182-8812-22C0BC21176E}.Debug|Any CPU.Build.0 = Debug|Any CPU
		{5B9AD067-B163-4182-8812-22C0BC21176E}.Release|Any CPU.ActiveCfg = Release|Any CPU
		{5B9AD067-B163-4182-8812-22C0BC21176E}.Release|Any CPU.Build.0 = Release|Any CPU
		{EAF52AB1-66C6-4AF4-BEEC-A787CE9D03AF}.Debug|Any CPU.ActiveCfg = Debug|Any CPU
		{EAF52AB1-66C6-4AF4-BEEC-A787CE9D03AF}.Debug|Any CPU.Build.0 = Debug|Any CPU
		{EAF52AB1-66C6-4AF4-BEEC-A787CE9D03AF}.Release|Any CPU.ActiveCfg = Release|Any CPU
		{EAF52AB1-66C6-4AF4-BEEC-A787CE9D03AF}.Release|Any CPU.Build.0 = Release|Any CPU
		{8AB3D87C-5D78-476C-9740-A2165A2F56CD}.Debug|Any CPU.ActiveCfg = Debug|Any CPU
		{8AB3D87C-5D78-476C-9740-A2165A2F56CD}.Debug|Any CPU.Build.0 = Debug|Any CPU
		{8AB3D87C-5D78-476C-9740-A2165A2F56CD}.Release|Any CPU.ActiveCfg = Release|Any CPU
		{8AB3D87C-5D78-476C-9740-A2165A2F56CD}.Release|Any CPU.Build.0 = Release|Any CPU
		{AFCF83DB-3E4A-4F0A-9D59-239978C7180A}.Debug|Any CPU.ActiveCfg = Debug|Any CPU
		{AFCF83DB-3E4A-4F0A-9D59-239978C7180A}.Debug|Any CPU.Build.0 = Debug|Any CPU
		{AFCF83DB-3E4A-4F0A-9D59-239978C7180A}.Release|Any CPU.ActiveCfg = Release|Any CPU
		{AFCF83DB-3E4A-4F0A-9D59-239978C7180A}.Release|Any CPU.Build.0 = Release|Any CPU
		{AE2FDC22-830E-4F3B-BC7C-FAD7CF969287}.Debug|Any CPU.ActiveCfg = Debug|Any CPU
		{AE2FDC22-830E-4F3B-BC7C-FAD7CF969287}.Debug|Any CPU.Build.0 = Debug|Any CPU
		{AE2FDC22-830E-4F3B-BC7C-FAD7CF969287}.Release|Any CPU.ActiveCfg = Release|Any CPU
		{AE2FDC22-830E-4F3B-BC7C-FAD7CF969287}.Release|Any CPU.Build.0 = Release|Any CPU
		{10218BE2-8863-4378-BCC4-28E7BC79AAF4}.Debug|Any CPU.ActiveCfg = Debug|Any CPU
		{10218BE2-8863-4378-BCC4-28E7BC79AAF4}.Debug|Any CPU.Build.0 = Debug|Any CPU
		{10218BE2-8863-4378-BCC4-28E7BC79AAF4}.Release|Any CPU.ActiveCfg = Release|Any CPU
		{10218BE2-8863-4378-BCC4-28E7BC79AAF4}.Release|Any CPU.Build.0 = Release|Any CPU
		{4D8555D7-0754-4D71-ADDE-673ECC993A8C}.Debug|Any CPU.ActiveCfg = Debug|Any CPU
		{4D8555D7-0754-4D71-ADDE-673ECC993A8C}.Debug|Any CPU.Build.0 = Debug|Any CPU
		{4D8555D7-0754-4D71-ADDE-673ECC993A8C}.Release|Any CPU.ActiveCfg = Release|Any CPU
		{4D8555D7-0754-4D71-ADDE-673ECC993A8C}.Release|Any CPU.Build.0 = Release|Any CPU
		{D4703EF1-1899-4488-A59B-9DB5F2326F91}.Debug|Any CPU.ActiveCfg = Debug|Any CPU
		{D4703EF1-1899-4488-A59B-9DB5F2326F91}.Debug|Any CPU.Build.0 = Debug|Any CPU
		{D4703EF1-1899-4488-A59B-9DB5F2326F91}.Release|Any CPU.ActiveCfg = Release|Any CPU
		{D4703EF1-1899-4488-A59B-9DB5F2326F91}.Release|Any CPU.Build.0 = Release|Any CPU
		{E3A30144-51FA-430B-AE1C-3D0BC8EF3FF4}.Debug|Any CPU.ActiveCfg = Debug|Any CPU
		{E3A30144-51FA-430B-AE1C-3D0BC8EF3FF4}.Debug|Any CPU.Build.0 = Debug|Any CPU
		{E3A30144-51FA-430B-AE1C-3D0BC8EF3FF4}.Release|Any CPU.ActiveCfg = Release|Any CPU
		{E3A30144-51FA-430B-AE1C-3D0BC8EF3FF4}.Release|Any CPU.Build.0 = Release|Any CPU
	EndGlobalSection
	GlobalSection(NestedProjects) = preSolution
		{8447CCFD-9BAA-4919-810B-F16764E71149} = {9DB78439-E269-438F-97C0-78B078BDF1E0}
		{E7691CBF-B9C5-4907-AC59-D84FAF86F6A4} = {8447CCFD-9BAA-4919-810B-F16764E71149}
		{62595AF3-8284-4ACF-85F1-0C8CE750A500} = {8447CCFD-9BAA-4919-810B-F16764E71149}
		{8AAD716C-67E4-4B24-879B-995C1367B25B} = {9DB78439-E269-438F-97C0-78B078BDF1E0}
		{0E2B60BC-5F9E-446E-99D8-5CCC685A26DF} = {8AAD716C-67E4-4B24-879B-995C1367B25B}
		{5F7FB60D-3ECE-4AC3-AD7E-30C881990E94} = {9DB78439-E269-438F-97C0-78B078BDF1E0}
		{794CF124-BC66-437C-870D-946F1D82EB79} = {5F7FB60D-3ECE-4AC3-AD7E-30C881990E94}
		{62216686-1630-4195-B5FA-B661B93AD108} = {794CF124-BC66-437C-870D-946F1D82EB79}
		{6E71D671-C777-4CD2-875A-E1A749951D79} = {794CF124-BC66-437C-870D-946F1D82EB79}
		{5959D408-98AE-47D5-91FF-5CEEF9E93547} = {794CF124-BC66-437C-870D-946F1D82EB79}
		{7D163403-4484-4315-BC0C-DB02EA3DC7C0} = {5F7FB60D-3ECE-4AC3-AD7E-30C881990E94}
		{C210F11B-4C0D-4282-A3EE-C52CF7DF2EC0} = {7D163403-4484-4315-BC0C-DB02EA3DC7C0}
		{6FA8959A-9F87-42C6-82AD-BFC499CA108E} = {7D163403-4484-4315-BC0C-DB02EA3DC7C0}
		{D7A74200-5702-4F33-BC2D-1FC6A14BAEAD} = {7D163403-4484-4315-BC0C-DB02EA3DC7C0}
		{F63FEF4A-1497-4BB0-9304-27347EDCCFD2} = {5F7FB60D-3ECE-4AC3-AD7E-30C881990E94}
		{4D921C99-567D-49AB-818A-252C29A5B061} = {F63FEF4A-1497-4BB0-9304-27347EDCCFD2}
		{08B3D6DB-F3DD-43D7-B1FD-9C773E6B72A6} = {F63FEF4A-1497-4BB0-9304-27347EDCCFD2}
		{5ED3240E-C323-4645-A283-090D8B83B24D} = {F63FEF4A-1497-4BB0-9304-27347EDCCFD2}
		{E4BEC6EA-44FD-4748-93E9-55C92DA1EFCC} = {5F7FB60D-3ECE-4AC3-AD7E-30C881990E94}
		{798FFE44-35ED-4287-B246-A2A241747629} = {E4BEC6EA-44FD-4748-93E9-55C92DA1EFCC}
		{CD328310-57C6-4D5D-A178-55DFEC89388A} = {E4BEC6EA-44FD-4748-93E9-55C92DA1EFCC}
		{21607B1F-556E-4A2E-8009-B3AB173162D4} = {E4BEC6EA-44FD-4748-93E9-55C92DA1EFCC}
		{B38CB520-2BA0-4674-B48E-E34995B4B055} = {5F7FB60D-3ECE-4AC3-AD7E-30C881990E94}
		{5B9AD067-B163-4182-8812-22C0BC21176E} = {B38CB520-2BA0-4674-B48E-E34995B4B055}
		{EAF52AB1-66C6-4AF4-BEEC-A787CE9D03AF} = {B38CB520-2BA0-4674-B48E-E34995B4B055}
		{8AB3D87C-5D78-476C-9740-A2165A2F56CD} = {B38CB520-2BA0-4674-B48E-E34995B4B055}
		{36ADB293-5375-4E2D-9AD8-1C7125E7BF20} = {5F7FB60D-3ECE-4AC3-AD7E-30C881990E94}
		{AFCF83DB-3E4A-4F0A-9D59-239978C7180A} = {36ADB293-5375-4E2D-9AD8-1C7125E7BF20}
		{AE2FDC22-830E-4F3B-BC7C-FAD7CF969287} = {36ADB293-5375-4E2D-9AD8-1C7125E7BF20}
		{10218BE2-8863-4378-BCC4-28E7BC79AAF4} = {36ADB293-5375-4E2D-9AD8-1C7125E7BF20}
		{F14202EF-88CA-4DCF-A8D5-7BE9DC51D12B} = {5F7FB60D-3ECE-4AC3-AD7E-30C881990E94}
		{4D8555D7-0754-4D71-ADDE-673ECC993A8C} = {F14202EF-88CA-4DCF-A8D5-7BE9DC51D12B}
		{D4703EF1-1899-4488-A59B-9DB5F2326F91} = {F14202EF-88CA-4DCF-A8D5-7BE9DC51D12B}
		{E3A30144-51FA-430B-AE1C-3D0BC8EF3FF4} = {F14202EF-88CA-4DCF-A8D5-7BE9DC51D12B}
	EndGlobalSection
EndGlobal
